
Microsoft Visual Studio Solution File, Format Version 12.00
# Visual Studio Version 17
VisualStudioVersion = 17.0.31717.71
MinimumVisualStudioVersion = 10.0.40219.1
Project("{9A19103F-16F7-4668-BE54-9A1E7A4F7556}") = "src.Server", "src\Server\src.Server.csproj", "{338A0CA2-EE20-42A6-A49B-A53A382D50AA}"
EndProject
Project("{9A19103F-16F7-4668-BE54-9A1E7A4F7556}") = "src.Client", "src\Client\src.Client.csproj", "{533CDFC2-5B54-4498-9518-F9A6A9B62AD8}"
EndProject
Project("{9A19103F-16F7-4668-BE54-9A1E7A4F7556}") = "src.Shared", "src\Shared\src.Shared.csproj", "{E17E53C4-C344-40F7-BFFC-7B8CD12229E6}"
EndProject
Project("{2150E333-8FDC-42A3-9474-1A3956D46DE8}") = "Solution Items", "Solution Items", "{62BE3069-4919-49FD-984D-4E9196E91137}"
	ProjectSection(SolutionItems) = preProject
		.editorconfig = .editorconfig
		.gitattributes = .gitattributes
		.gitignore = .gitignore
		CODE_OF_CONDUCT.md = CODE_OF_CONDUCT.md
		codecov.yml = codecov.yml
		.github\workflows\codeql-analysis.yml = .github\workflows\codeql-analysis.yml
		CONTRIBUTING.md = CONTRIBUTING.md
		LICENSE = LICENSE
		README.md = README.md
		REFERENCES.md = REFERENCES.md
		runsettings.xml = runsettings.xml
		SECURITY.md = SECURITY.md
	EndProjectSection
EndProject
Global
	GlobalSection(SolutionConfigurationPlatforms) = preSolution
		Debug|Any CPU = Debug|Any CPU
		Release|Any CPU = Release|Any CPU
	EndGlobalSection
	GlobalSection(ProjectConfigurationPlatforms) = postSolution
		{338A0CA2-EE20-42A6-A49B-A53A382D50AA}.Debug|Any CPU.ActiveCfg = Debug|Any CPU
		{338A0CA2-EE20-42A6-A49B-A53A382D50AA}.Debug|Any CPU.Build.0 = Debug|Any CPU
		{338A0CA2-EE20-42A6-A49B-A53A382D50AA}.Release|Any CPU.ActiveCfg = Release|Any CPU
		{338A0CA2-EE20-42A6-A49B-A53A382D50AA}.Release|Any CPU.Build.0 = Release|Any CPU
		{533CDFC2-5B54-4498-9518-F9A6A9B62AD8}.Debug|Any CPU.ActiveCfg = Debug|Any CPU
		{533CDFC2-5B54-4498-9518-F9A6A9B62AD8}.Debug|Any CPU.Build.0 = Debug|Any CPU
		{533CDFC2-5B54-4498-9518-F9A6A9B62AD8}.Release|Any CPU.ActiveCfg = Release|Any CPU
		{533CDFC2-5B54-4498-9518-F9A6A9B62AD8}.Release|Any CPU.Build.0 = Release|Any CPU
		{E17E53C4-C344-40F7-BFFC-7B8CD12229E6}.Debug|Any CPU.ActiveCfg = Debug|Any CPU
		{E17E53C4-C344-40F7-BFFC-7B8CD12229E6}.Debug|Any CPU.Build.0 = Debug|Any CPU
		{E17E53C4-C344-40F7-BFFC-7B8CD12229E6}.Release|Any CPU.ActiveCfg = Release|Any CPU
		{E17E53C4-C344-40F7-BFFC-7B8CD12229E6}.Release|Any CPU.Build.0 = Release|Any CPU
	EndGlobalSection
	GlobalSection(SolutionProperties) = preSolution
		HideSolutionNode = FALSE
	EndGlobalSection
	GlobalSection(ExtensibilityGlobals) = postSolution
		SolutionGuid = {989DF409-47F2-475C-842A-1387F62AF650}
	EndGlobalSection
EndGlobal
